// !$*UTF8*$!
{
	archiveVersion = 1;
	classes = {
	};
	objectVersion = 46;
	objects = {

/* Begin PBXBuildFile section */
		69AA11AE1C0B9DE200A1F53F /* LoginViewController.m in Sources */ = {isa = PBXBuildFile; fileRef = 69AA11AD1C0B9DE200A1F53F /* LoginViewController.m */; };
		69AA11B21C0BC0A700A1F53F /* CustomTextField.m in Sources */ = {isa = PBXBuildFile; fileRef = 69AA11B11C0BC0A700A1F53F /* CustomTextField.m */; };
		69AA11B41C0BCBCA00A1F53F /* OpenSans-Regular.ttf in Resources */ = {isa = PBXBuildFile; fileRef = 69AA11B31C0BCBCA00A1F53F /* OpenSans-Regular.ttf */; };
		69AA11B71C0BCD8500A1F53F /* OpenSans-Bold.ttf in Resources */ = {isa = PBXBuildFile; fileRef = 69AA11B61C0BCD8500A1F53F /* OpenSans-Bold.ttf */; };
		69AA11BB1C0BE38000A1F53F /* RegisterViewController.m in Sources */ = {isa = PBXBuildFile; fileRef = 69AA11BA1C0BE38000A1F53F /* RegisterViewController.m */; };
		69B438741C05FD61007B0DE6 /* FollowersFollowingViewController.m in Sources */ = {isa = PBXBuildFile; fileRef = 69B438731C05FD61007B0DE6 /* FollowersFollowingViewController.m */; };
		69B438771C06024E007B0DE6 /* AddViewController.m in Sources */ = {isa = PBXBuildFile; fileRef = 69B438761C06024E007B0DE6 /* AddViewController.m */; };
		69B4387A1C060495007B0DE6 /* ExploreViewController.m in Sources */ = {isa = PBXBuildFile; fileRef = 69B438791C060495007B0DE6 /* ExploreViewController.m */; };
		69EDAF2E1BFA7F8E00F8FBF2 /* ProfileInfoTableViewCell.m in Sources */ = {isa = PBXBuildFile; fileRef = 69EDAF2D1BFA7F8E00F8FBF2 /* ProfileInfoTableViewCell.m */; };
		69F48B6E1BF7AF76008A7CC4 /* ProfileViewController.m in Sources */ = {isa = PBXBuildFile; fileRef = 69F48B6D1BF7AF76008A7CC4 /* ProfileViewController.m */; };
		69F48B701BF7B5AC008A7CC4 /* profile.jpg in Resources */ = {isa = PBXBuildFile; fileRef = 69F48B6F1BF7B5AC008A7CC4 /* profile.jpg */; };
		69FD8B591C0C0F4900EEBE83 /* CreateProfileViewController.m in Sources */ = {isa = PBXBuildFile; fileRef = 69FD8B581C0C0F4900EEBE83 /* CreateProfileViewController.m */; };
		69FD8B6E1C0D6AEE00EEBE83 /* AFHTTPRequestOperation.m in Sources */ = {isa = PBXBuildFile; fileRef = 69FD8B5C1C0D6AEE00EEBE83 /* AFHTTPRequestOperation.m */; };
		69FD8B6F1C0D6AEE00EEBE83 /* AFHTTPRequestOperationManager.m in Sources */ = {isa = PBXBuildFile; fileRef = 69FD8B5E1C0D6AEE00EEBE83 /* AFHTTPRequestOperationManager.m */; };
		69FD8B701C0D6AEE00EEBE83 /* AFHTTPSessionManager.m in Sources */ = {isa = PBXBuildFile; fileRef = 69FD8B601C0D6AEE00EEBE83 /* AFHTTPSessionManager.m */; };
		69FD8B711C0D6AEE00EEBE83 /* AFNetworkReachabilityManager.m in Sources */ = {isa = PBXBuildFile; fileRef = 69FD8B631C0D6AEE00EEBE83 /* AFNetworkReachabilityManager.m */; };
		69FD8B721C0D6AEE00EEBE83 /* AFSecurityPolicy.m in Sources */ = {isa = PBXBuildFile; fileRef = 69FD8B651C0D6AEE00EEBE83 /* AFSecurityPolicy.m */; };
		69FD8B731C0D6AEE00EEBE83 /* AFURLConnectionOperation.m in Sources */ = {isa = PBXBuildFile; fileRef = 69FD8B671C0D6AEE00EEBE83 /* AFURLConnectionOperation.m */; };
		69FD8B741C0D6AEE00EEBE83 /* AFURLRequestSerialization.m in Sources */ = {isa = PBXBuildFile; fileRef = 69FD8B691C0D6AEE00EEBE83 /* AFURLRequestSerialization.m */; };
		69FD8B751C0D6AEE00EEBE83 /* AFURLResponseSerialization.m in Sources */ = {isa = PBXBuildFile; fileRef = 69FD8B6B1C0D6AEE00EEBE83 /* AFURLResponseSerialization.m */; };
		69FD8B761C0D6AEE00EEBE83 /* AFURLSessionManager.m in Sources */ = {isa = PBXBuildFile; fileRef = 69FD8B6D1C0D6AEE00EEBE83 /* AFURLSessionManager.m */; };
		B00664DD1BFEA55A0061B35B /* EditProfileViewController.m in Sources */ = {isa = PBXBuildFile; fileRef = B00664DC1BFEA55A0061B35B /* EditProfileViewController.m */; };
		B00664E01BFEA7260061B35B /* MapViewController.m in Sources */ = {isa = PBXBuildFile; fileRef = B00664DF1BFEA7260061B35B /* MapViewController.m */; };
		B00664E21BFEA95D0061B35B /* MapKit.framework in Frameworks */ = {isa = PBXBuildFile; fileRef = B00664E11BFEA95D0061B35B /* MapKit.framework */; };
		B00F90231C1B654600BE763A /* OpenSans-Semibold.ttf in Resources */ = {isa = PBXBuildFile; fileRef = 69AA11B51C0BCD1000A1F53F /* OpenSans-Semibold.ttf */; };
		B0133C761C2225CA004D48F5 /* ServiceTabBarTableViewCell.m in Sources */ = {isa = PBXBuildFile; fileRef = B0133C751C2225CA004D48F5 /* ServiceTabBarTableViewCell.m */; };
		B03613D91C22450700C95414 /* ServiceFeedTableViewCell.m in Sources */ = {isa = PBXBuildFile; fileRef = B03613D81C22450700C95414 /* ServiceFeedTableViewCell.m */; };
		B04954121C188AB200F32B72 /* FollowersFollowingTableViewCell.m in Sources */ = {isa = PBXBuildFile; fileRef = B04954111C188AB200F32B72 /* FollowersFollowingTableViewCell.m */; };
		B05E3AA81C15FDC60000B3DF /* LaunchViewController.m in Sources */ = {isa = PBXBuildFile; fileRef = B05E3AA71C15FDC60000B3DF /* LaunchViewController.m */; };
		B05E3AAA1C1663CE0000B3DF /* Security.framework in Frameworks */ = {isa = PBXBuildFile; fileRef = B05E3AA91C1663CE0000B3DF /* Security.framework */; };
		B05E3AAD1C16646E0000B3DF /* KeychainItemWrapper.m in Sources */ = {isa = PBXBuildFile; fileRef = B05E3AAC1C16646E0000B3DF /* KeychainItemWrapper.m */; };
		B0C9FA021C20A2FD0058EB00 /* ServiceProfileViewController.m in Sources */ = {isa = PBXBuildFile; fileRef = B0C9FA011C20A2FD0058EB00 /* ServiceProfileViewController.m */; };
		B0C9FA051C20A4480058EB00 /* ServiceHeaderTableViewCell.m in Sources */ = {isa = PBXBuildFile; fileRef = B0C9FA041C20A4480058EB00 /* ServiceHeaderTableViewCell.m */; };
		B0C9FA0B1C20B0D50058EB00 /* Imago-178288.jpg in Resources */ = {isa = PBXBuildFile; fileRef = B0C9FA0A1C20B0D50058EB00 /* Imago-178288.jpg */; };
		B0C9FA0E1C20DAA20058EB00 /* ServiceSegmentedTableViewCell.m in Sources */ = {isa = PBXBuildFile; fileRef = B0C9FA0D1C20DAA20058EB00 /* ServiceSegmentedTableViewCell.m */; };
		B0C9FA111C20E9540058EB00 /* ServiceDescriptionTableViewCell.m in Sources */ = {isa = PBXBuildFile; fileRef = B0C9FA101C20E9540058EB00 /* ServiceDescriptionTableViewCell.m */; };
		B0C9FA141C20F2890058EB00 /* ServiceLocationTableViewCell.m in Sources */ = {isa = PBXBuildFile; fileRef = B0C9FA131C20F2890058EB00 /* ServiceLocationTableViewCell.m */; };
		B0D91B141C0F4883002567E8 /* HomeTableViewCell.m in Sources */ = {isa = PBXBuildFile; fileRef = B0D91B131C0F4883002567E8 /* HomeTableViewCell.m */; };
		B0D91B181C0F4EC9002567E8 /* BaseTabBarViewController.m in Sources */ = {isa = PBXBuildFile; fileRef = B0D91B171C0F4EC9002567E8 /* BaseTabBarViewController.m */; };
		B0E146481BF55E9500A8A024 /* main.m in Sources */ = {isa = PBXBuildFile; fileRef = B0E146471BF55E9500A8A024 /* main.m */; };
		B0E1464B1BF55E9500A8A024 /* AppDelegate.m in Sources */ = {isa = PBXBuildFile; fileRef = B0E1464A1BF55E9500A8A024 /* AppDelegate.m */; };
		B0E1464E1BF55E9500A8A024 /* ViewController.m in Sources */ = {isa = PBXBuildFile; fileRef = B0E1464D1BF55E9500A8A024 /* ViewController.m */; };
		B0E146511BF55E9500A8A024 /* Main.storyboard in Resources */ = {isa = PBXBuildFile; fileRef = B0E1464F1BF55E9500A8A024 /* Main.storyboard */; };
		B0E146531BF55E9500A8A024 /* Assets.xcassets in Resources */ = {isa = PBXBuildFile; fileRef = B0E146521BF55E9500A8A024 /* Assets.xcassets */; };
		B0E146561BF55E9500A8A024 /* LaunchScreen.storyboard in Resources */ = {isa = PBXBuildFile; fileRef = B0E146541BF55E9500A8A024 /* LaunchScreen.storyboard */; };
		B0E146611BF55E9500A8A024 /* BlizkyTests.m in Sources */ = {isa = PBXBuildFile; fileRef = B0E146601BF55E9500A8A024 /* BlizkyTests.m */; };
		B0E1466C1BF55E9500A8A024 /* BlizkyUITests.m in Sources */ = {isa = PBXBuildFile; fileRef = B0E1466B1BF55E9500A8A024 /* BlizkyUITests.m */; };
/* End PBXBuildFile section */

/* Begin PBXContainerItemProxy section */
		B0E1465D1BF55E9500A8A024 /* PBXContainerItemProxy */ = {
			isa = PBXContainerItemProxy;
			containerPortal = B0E1463B1BF55E9500A8A024 /* Project object */;
			proxyType = 1;
			remoteGlobalIDString = B0E146421BF55E9500A8A024;
			remoteInfo = Blizky;
		};
		B0E146681BF55E9500A8A024 /* PBXContainerItemProxy */ = {
			isa = PBXContainerItemProxy;
			containerPortal = B0E1463B1BF55E9500A8A024 /* Project object */;
			proxyType = 1;
			remoteGlobalIDString = B0E146421BF55E9500A8A024;
			remoteInfo = Blizky;
		};
/* End PBXContainerItemProxy section */

/* Begin PBXFileReference section */
		69AA11AC1C0B9DE100A1F53F /* LoginViewController.h */ = {isa = PBXFileReference; fileEncoding = 4; lastKnownFileType = sourcecode.c.h; path = LoginViewController.h; sourceTree = "<group>"; };
		69AA11AD1C0B9DE200A1F53F /* LoginViewController.m */ = {isa = PBXFileReference; fileEncoding = 4; lastKnownFileType = sourcecode.c.objc; path = LoginViewController.m; sourceTree = "<group>"; };
		69AA11B01C0BC0A700A1F53F /* CustomTextField.h */ = {isa = PBXFileReference; fileEncoding = 4; lastKnownFileType = sourcecode.c.h; path = CustomTextField.h; sourceTree = "<group>"; };
		69AA11B11C0BC0A700A1F53F /* CustomTextField.m */ = {isa = PBXFileReference; fileEncoding = 4; lastKnownFileType = sourcecode.c.objc; path = CustomTextField.m; sourceTree = "<group>"; };
		69AA11B31C0BCBCA00A1F53F /* OpenSans-Regular.ttf */ = {isa = PBXFileReference; lastKnownFileType = file; path = "OpenSans-Regular.ttf"; sourceTree = "<group>"; };
		69AA11B51C0BCD1000A1F53F /* OpenSans-Semibold.ttf */ = {isa = PBXFileReference; lastKnownFileType = file; path = "OpenSans-Semibold.ttf"; sourceTree = "<group>"; };
		69AA11B61C0BCD8500A1F53F /* OpenSans-Bold.ttf */ = {isa = PBXFileReference; lastKnownFileType = file; path = "OpenSans-Bold.ttf"; sourceTree = "<group>"; };
		69AA11B91C0BE37F00A1F53F /* RegisterViewController.h */ = {isa = PBXFileReference; fileEncoding = 4; lastKnownFileType = sourcecode.c.h; path = RegisterViewController.h; sourceTree = "<group>"; };
		69AA11BA1C0BE38000A1F53F /* RegisterViewController.m */ = {isa = PBXFileReference; fileEncoding = 4; lastKnownFileType = sourcecode.c.objc; path = RegisterViewController.m; sourceTree = "<group>"; };
		69B438721C05FD61007B0DE6 /* FollowersFollowingViewController.h */ = {isa = PBXFileReference; fileEncoding = 4; lastKnownFileType = sourcecode.c.h; path = FollowersFollowingViewController.h; sourceTree = "<group>"; };
		69B438731C05FD61007B0DE6 /* FollowersFollowingViewController.m */ = {isa = PBXFileReference; fileEncoding = 4; lastKnownFileType = sourcecode.c.objc; path = FollowersFollowingViewController.m; sourceTree = "<group>"; };
		69B438751C06024E007B0DE6 /* AddViewController.h */ = {isa = PBXFileReference; fileEncoding = 4; lastKnownFileType = sourcecode.c.h; path = AddViewController.h; sourceTree = "<group>"; };
		69B438761C06024E007B0DE6 /* AddViewController.m */ = {isa = PBXFileReference; fileEncoding = 4; lastKnownFileType = sourcecode.c.objc; path = AddViewController.m; sourceTree = "<group>"; };
		69B438781C060495007B0DE6 /* ExploreViewController.h */ = {isa = PBXFileReference; fileEncoding = 4; lastKnownFileType = sourcecode.c.h; path = ExploreViewController.h; sourceTree = "<group>"; };
		69B438791C060495007B0DE6 /* ExploreViewController.m */ = {isa = PBXFileReference; fileEncoding = 4; lastKnownFileType = sourcecode.c.objc; path = ExploreViewController.m; sourceTree = "<group>"; };
		69EDAF2C1BFA7F8D00F8FBF2 /* ProfileInfoTableViewCell.h */ = {isa = PBXFileReference; fileEncoding = 4; lastKnownFileType = sourcecode.c.h; path = ProfileInfoTableViewCell.h; sourceTree = "<group>"; };
		69EDAF2D1BFA7F8E00F8FBF2 /* ProfileInfoTableViewCell.m */ = {isa = PBXFileReference; fileEncoding = 4; lastKnownFileType = sourcecode.c.objc; path = ProfileInfoTableViewCell.m; sourceTree = "<group>"; };
		69F48B6C1BF7AF76008A7CC4 /* ProfileViewController.h */ = {isa = PBXFileReference; fileEncoding = 4; lastKnownFileType = sourcecode.c.h; path = ProfileViewController.h; sourceTree = "<group>"; };
		69F48B6D1BF7AF76008A7CC4 /* ProfileViewController.m */ = {isa = PBXFileReference; fileEncoding = 4; lastKnownFileType = sourcecode.c.objc; path = ProfileViewController.m; sourceTree = "<group>"; };
		69F48B6F1BF7B5AC008A7CC4 /* profile.jpg */ = {isa = PBXFileReference; lastKnownFileType = image.jpeg; path = profile.jpg; sourceTree = "<group>"; };
		69FD8B571C0C0F4900EEBE83 /* CreateProfileViewController.h */ = {isa = PBXFileReference; fileEncoding = 4; lastKnownFileType = sourcecode.c.h; path = CreateProfileViewController.h; sourceTree = "<group>"; };
		69FD8B581C0C0F4900EEBE83 /* CreateProfileViewController.m */ = {isa = PBXFileReference; fileEncoding = 4; lastKnownFileType = sourcecode.c.objc; path = CreateProfileViewController.m; sourceTree = "<group>"; };
		69FD8B5B1C0D6AEE00EEBE83 /* AFHTTPRequestOperation.h */ = {isa = PBXFileReference; fileEncoding = 4; lastKnownFileType = sourcecode.c.h; path = AFHTTPRequestOperation.h; sourceTree = "<group>"; };
		69FD8B5C1C0D6AEE00EEBE83 /* AFHTTPRequestOperation.m */ = {isa = PBXFileReference; fileEncoding = 4; lastKnownFileType = sourcecode.c.objc; path = AFHTTPRequestOperation.m; sourceTree = "<group>"; };
		69FD8B5D1C0D6AEE00EEBE83 /* AFHTTPRequestOperationManager.h */ = {isa = PBXFileReference; fileEncoding = 4; lastKnownFileType = sourcecode.c.h; path = AFHTTPRequestOperationManager.h; sourceTree = "<group>"; };
		69FD8B5E1C0D6AEE00EEBE83 /* AFHTTPRequestOperationManager.m */ = {isa = PBXFileReference; fileEncoding = 4; lastKnownFileType = sourcecode.c.objc; path = AFHTTPRequestOperationManager.m; sourceTree = "<group>"; };
		69FD8B5F1C0D6AEE00EEBE83 /* AFHTTPSessionManager.h */ = {isa = PBXFileReference; fileEncoding = 4; lastKnownFileType = sourcecode.c.h; path = AFHTTPSessionManager.h; sourceTree = "<group>"; };
		69FD8B601C0D6AEE00EEBE83 /* AFHTTPSessionManager.m */ = {isa = PBXFileReference; fileEncoding = 4; lastKnownFileType = sourcecode.c.objc; path = AFHTTPSessionManager.m; sourceTree = "<group>"; };
		69FD8B611C0D6AEE00EEBE83 /* AFNetworking.h */ = {isa = PBXFileReference; fileEncoding = 4; lastKnownFileType = sourcecode.c.h; path = AFNetworking.h; sourceTree = "<group>"; };
		69FD8B621C0D6AEE00EEBE83 /* AFNetworkReachabilityManager.h */ = {isa = PBXFileReference; fileEncoding = 4; lastKnownFileType = sourcecode.c.h; path = AFNetworkReachabilityManager.h; sourceTree = "<group>"; };
		69FD8B631C0D6AEE00EEBE83 /* AFNetworkReachabilityManager.m */ = {isa = PBXFileReference; fileEncoding = 4; lastKnownFileType = sourcecode.c.objc; path = AFNetworkReachabilityManager.m; sourceTree = "<group>"; };
		69FD8B641C0D6AEE00EEBE83 /* AFSecurityPolicy.h */ = {isa = PBXFileReference; fileEncoding = 4; lastKnownFileType = sourcecode.c.h; path = AFSecurityPolicy.h; sourceTree = "<group>"; };
		69FD8B651C0D6AEE00EEBE83 /* AFSecurityPolicy.m */ = {isa = PBXFileReference; fileEncoding = 4; lastKnownFileType = sourcecode.c.objc; path = AFSecurityPolicy.m; sourceTree = "<group>"; };
		69FD8B661C0D6AEE00EEBE83 /* AFURLConnectionOperation.h */ = {isa = PBXFileReference; fileEncoding = 4; lastKnownFileType = sourcecode.c.h; path = AFURLConnectionOperation.h; sourceTree = "<group>"; };
		69FD8B671C0D6AEE00EEBE83 /* AFURLConnectionOperation.m */ = {isa = PBXFileReference; fileEncoding = 4; lastKnownFileType = sourcecode.c.objc; path = AFURLConnectionOperation.m; sourceTree = "<group>"; };
		69FD8B681C0D6AEE00EEBE83 /* AFURLRequestSerialization.h */ = {isa = PBXFileReference; fileEncoding = 4; lastKnownFileType = sourcecode.c.h; path = AFURLRequestSerialization.h; sourceTree = "<group>"; };
		69FD8B691C0D6AEE00EEBE83 /* AFURLRequestSerialization.m */ = {isa = PBXFileReference; fileEncoding = 4; lastKnownFileType = sourcecode.c.objc; path = AFURLRequestSerialization.m; sourceTree = "<group>"; };
		69FD8B6A1C0D6AEE00EEBE83 /* AFURLResponseSerialization.h */ = {isa = PBXFileReference; fileEncoding = 4; lastKnownFileType = sourcecode.c.h; path = AFURLResponseSerialization.h; sourceTree = "<group>"; };
		69FD8B6B1C0D6AEE00EEBE83 /* AFURLResponseSerialization.m */ = {isa = PBXFileReference; fileEncoding = 4; lastKnownFileType = sourcecode.c.objc; path = AFURLResponseSerialization.m; sourceTree = "<group>"; };
		69FD8B6C1C0D6AEE00EEBE83 /* AFURLSessionManager.h */ = {isa = PBXFileReference; fileEncoding = 4; lastKnownFileType = sourcecode.c.h; path = AFURLSessionManager.h; sourceTree = "<group>"; };
		69FD8B6D1C0D6AEE00EEBE83 /* AFURLSessionManager.m */ = {isa = PBXFileReference; fileEncoding = 4; lastKnownFileType = sourcecode.c.objc; path = AFURLSessionManager.m; sourceTree = "<group>"; };
		B00664DB1BFEA55A0061B35B /* EditProfileViewController.h */ = {isa = PBXFileReference; fileEncoding = 4; lastKnownFileType = sourcecode.c.h; path = EditProfileViewController.h; sourceTree = "<group>"; };
		B00664DC1BFEA55A0061B35B /* EditProfileViewController.m */ = {isa = PBXFileReference; fileEncoding = 4; lastKnownFileType = sourcecode.c.objc; path = EditProfileViewController.m; sourceTree = "<group>"; };
		B00664DE1BFEA7260061B35B /* MapViewController.h */ = {isa = PBXFileReference; fileEncoding = 4; lastKnownFileType = sourcecode.c.h; path = MapViewController.h; sourceTree = "<group>"; };
		B00664DF1BFEA7260061B35B /* MapViewController.m */ = {isa = PBXFileReference; fileEncoding = 4; lastKnownFileType = sourcecode.c.objc; path = MapViewController.m; sourceTree = "<group>"; };
		B00664E11BFEA95D0061B35B /* MapKit.framework */ = {isa = PBXFileReference; lastKnownFileType = wrapper.framework; name = MapKit.framework; path = System/Library/Frameworks/MapKit.framework; sourceTree = SDKROOT; };
		B0133C741C2225CA004D48F5 /* ServiceTabBarTableViewCell.h */ = {isa = PBXFileReference; fileEncoding = 4; lastKnownFileType = sourcecode.c.h; path = ServiceTabBarTableViewCell.h; sourceTree = "<group>"; };
		B0133C751C2225CA004D48F5 /* ServiceTabBarTableViewCell.m */ = {isa = PBXFileReference; fileEncoding = 4; lastKnownFileType = sourcecode.c.objc; path = ServiceTabBarTableViewCell.m; sourceTree = "<group>"; };
		B03613D71C22450700C95414 /* ServiceFeedTableViewCell.h */ = {isa = PBXFileReference; fileEncoding = 4; lastKnownFileType = sourcecode.c.h; path = ServiceFeedTableViewCell.h; sourceTree = "<group>"; };
		B03613D81C22450700C95414 /* ServiceFeedTableViewCell.m */ = {isa = PBXFileReference; fileEncoding = 4; lastKnownFileType = sourcecode.c.objc; path = ServiceFeedTableViewCell.m; sourceTree = "<group>"; };
		B04954101C188AB200F32B72 /* FollowersFollowingTableViewCell.h */ = {isa = PBXFileReference; fileEncoding = 4; lastKnownFileType = sourcecode.c.h; path = FollowersFollowingTableViewCell.h; sourceTree = "<group>"; };
		B04954111C188AB200F32B72 /* FollowersFollowingTableViewCell.m */ = {isa = PBXFileReference; fileEncoding = 4; lastKnownFileType = sourcecode.c.objc; path = FollowersFollowingTableViewCell.m; sourceTree = "<group>"; };
		B05E3AA61C15FDC60000B3DF /* LaunchViewController.h */ = {isa = PBXFileReference; fileEncoding = 4; lastKnownFileType = sourcecode.c.h; path = LaunchViewController.h; sourceTree = "<group>"; };
		B05E3AA71C15FDC60000B3DF /* LaunchViewController.m */ = {isa = PBXFileReference; fileEncoding = 4; lastKnownFileType = sourcecode.c.objc; path = LaunchViewController.m; sourceTree = "<group>"; };
		B05E3AA91C1663CE0000B3DF /* Security.framework */ = {isa = PBXFileReference; lastKnownFileType = wrapper.framework; name = Security.framework; path = System/Library/Frameworks/Security.framework; sourceTree = SDKROOT; };
		B05E3AAB1C1664680000B3DF /* KeychainItemWrapper.h */ = {isa = PBXFileReference; fileEncoding = 4; lastKnownFileType = sourcecode.c.h; path = KeychainItemWrapper.h; sourceTree = "<group>"; };
		B05E3AAC1C16646E0000B3DF /* KeychainItemWrapper.m */ = {isa = PBXFileReference; fileEncoding = 4; lastKnownFileType = sourcecode.c.objc; path = KeychainItemWrapper.m; sourceTree = "<group>"; };
		B0C9FA001C20A2FD0058EB00 /* ServiceProfileViewController.h */ = {isa = PBXFileReference; fileEncoding = 4; lastKnownFileType = sourcecode.c.h; path = ServiceProfileViewController.h; sourceTree = "<group>"; };
		B0C9FA011C20A2FD0058EB00 /* ServiceProfileViewController.m */ = {isa = PBXFileReference; fileEncoding = 4; lastKnownFileType = sourcecode.c.objc; path = ServiceProfileViewController.m; sourceTree = "<group>"; };
		B0C9FA031C20A4480058EB00 /* ServiceHeaderTableViewCell.h */ = {isa = PBXFileReference; fileEncoding = 4; lastKnownFileType = sourcecode.c.h; path = ServiceHeaderTableViewCell.h; sourceTree = "<group>"; };
		B0C9FA041C20A4480058EB00 /* ServiceHeaderTableViewCell.m */ = {isa = PBXFileReference; fileEncoding = 4; lastKnownFileType = sourcecode.c.objc; path = ServiceHeaderTableViewCell.m; sourceTree = "<group>"; };
		B0C9FA0A1C20B0D50058EB00 /* Imago-178288.jpg */ = {isa = PBXFileReference; lastKnownFileType = image.jpeg; path = "Imago-178288.jpg"; sourceTree = "<group>"; };
		B0C9FA0C1C20DAA20058EB00 /* ServiceSegmentedTableViewCell.h */ = {isa = PBXFileReference; fileEncoding = 4; lastKnownFileType = sourcecode.c.h; path = ServiceSegmentedTableViewCell.h; sourceTree = "<group>"; };
		B0C9FA0D1C20DAA20058EB00 /* ServiceSegmentedTableViewCell.m */ = {isa = PBXFileReference; fileEncoding = 4; lastKnownFileType = sourcecode.c.objc; path = ServiceSegmentedTableViewCell.m; sourceTree = "<group>"; };
		B0C9FA0F1C20E9540058EB00 /* ServiceDescriptionTableViewCell.h */ = {isa = PBXFileReference; fileEncoding = 4; lastKnownFileType = sourcecode.c.h; path = ServiceDescriptionTableViewCell.h; sourceTree = "<group>"; };
		B0C9FA101C20E9540058EB00 /* ServiceDescriptionTableViewCell.m */ = {isa = PBXFileReference; fileEncoding = 4; lastKnownFileType = sourcecode.c.objc; path = ServiceDescriptionTableViewCell.m; sourceTree = "<group>"; };
		B0C9FA121C20F2890058EB00 /* ServiceLocationTableViewCell.h */ = {isa = PBXFileReference; fileEncoding = 4; lastKnownFileType = sourcecode.c.h; path = ServiceLocationTableViewCell.h; sourceTree = "<group>"; };
		B0C9FA131C20F2890058EB00 /* ServiceLocationTableViewCell.m */ = {isa = PBXFileReference; fileEncoding = 4; lastKnownFileType = sourcecode.c.objc; path = ServiceLocationTableViewCell.m; sourceTree = "<group>"; };
		B0D91B121C0F4883002567E8 /* HomeTableViewCell.h */ = {isa = PBXFileReference; fileEncoding = 4; lastKnownFileType = sourcecode.c.h; path = HomeTableViewCell.h; sourceTree = "<group>"; };
		B0D91B131C0F4883002567E8 /* HomeTableViewCell.m */ = {isa = PBXFileReference; fileEncoding = 4; lastKnownFileType = sourcecode.c.objc; path = HomeTableViewCell.m; sourceTree = "<group>"; };
		B0D91B161C0F4EC9002567E8 /* BaseTabBarViewController.h */ = {isa = PBXFileReference; fileEncoding = 4; lastKnownFileType = sourcecode.c.h; path = BaseTabBarViewController.h; sourceTree = "<group>"; };
		B0D91B171C0F4EC9002567E8 /* BaseTabBarViewController.m */ = {isa = PBXFileReference; fileEncoding = 4; lastKnownFileType = sourcecode.c.objc; path = BaseTabBarViewController.m; sourceTree = "<group>"; };
		B0E146431BF55E9500A8A024 /* Blizky.app */ = {isa = PBXFileReference; explicitFileType = wrapper.application; includeInIndex = 0; path = Blizky.app; sourceTree = BUILT_PRODUCTS_DIR; };
		B0E146471BF55E9500A8A024 /* main.m */ = {isa = PBXFileReference; lastKnownFileType = sourcecode.c.objc; path = main.m; sourceTree = "<group>"; };
		B0E146491BF55E9500A8A024 /* AppDelegate.h */ = {isa = PBXFileReference; lastKnownFileType = sourcecode.c.h; path = AppDelegate.h; sourceTree = "<group>"; };
		B0E1464A1BF55E9500A8A024 /* AppDelegate.m */ = {isa = PBXFileReference; lastKnownFileType = sourcecode.c.objc; path = AppDelegate.m; sourceTree = "<group>"; };
		B0E1464C1BF55E9500A8A024 /* ViewController.h */ = {isa = PBXFileReference; lastKnownFileType = sourcecode.c.h; path = ViewController.h; sourceTree = "<group>"; };
		B0E1464D1BF55E9500A8A024 /* ViewController.m */ = {isa = PBXFileReference; lastKnownFileType = sourcecode.c.objc; path = ViewController.m; sourceTree = "<group>"; };
		B0E146501BF55E9500A8A024 /* Base */ = {isa = PBXFileReference; lastKnownFileType = file.storyboard; name = Base; path = Base.lproj/Main.storyboard; sourceTree = "<group>"; };
		B0E146521BF55E9500A8A024 /* Assets.xcassets */ = {isa = PBXFileReference; lastKnownFileType = folder.assetcatalog; path = Assets.xcassets; sourceTree = "<group>"; };
		B0E146551BF55E9500A8A024 /* Base */ = {isa = PBXFileReference; lastKnownFileType = file.storyboard; name = Base; path = Base.lproj/LaunchScreen.storyboard; sourceTree = "<group>"; };
		B0E146571BF55E9500A8A024 /* Info.plist */ = {isa = PBXFileReference; lastKnownFileType = text.plist.xml; path = Info.plist; sourceTree = "<group>"; };
		B0E1465C1BF55E9500A8A024 /* BlizkyTests.xctest */ = {isa = PBXFileReference; explicitFileType = wrapper.cfbundle; includeInIndex = 0; path = BlizkyTests.xctest; sourceTree = BUILT_PRODUCTS_DIR; };
		B0E146601BF55E9500A8A024 /* BlizkyTests.m */ = {isa = PBXFileReference; lastKnownFileType = sourcecode.c.objc; path = BlizkyTests.m; sourceTree = "<group>"; };
		B0E146621BF55E9500A8A024 /* Info.plist */ = {isa = PBXFileReference; lastKnownFileType = text.plist.xml; path = Info.plist; sourceTree = "<group>"; };
		B0E146671BF55E9500A8A024 /* BlizkyUITests.xctest */ = {isa = PBXFileReference; explicitFileType = wrapper.cfbundle; includeInIndex = 0; path = BlizkyUITests.xctest; sourceTree = BUILT_PRODUCTS_DIR; };
		B0E1466B1BF55E9500A8A024 /* BlizkyUITests.m */ = {isa = PBXFileReference; lastKnownFileType = sourcecode.c.objc; path = BlizkyUITests.m; sourceTree = "<group>"; };
		B0E1466D1BF55E9500A8A024 /* Info.plist */ = {isa = PBXFileReference; lastKnownFileType = text.plist.xml; path = Info.plist; sourceTree = "<group>"; };
/* End PBXFileReference section */

/* Begin PBXFrameworksBuildPhase section */
		B0E146401BF55E9500A8A024 /* Frameworks */ = {
			isa = PBXFrameworksBuildPhase;
			buildActionMask = 2147483647;
			files = (
				B05E3AAA1C1663CE0000B3DF /* Security.framework in Frameworks */,
				B00664E21BFEA95D0061B35B /* MapKit.framework in Frameworks */,
			);
			runOnlyForDeploymentPostprocessing = 0;
		};
		B0E146591BF55E9500A8A024 /* Frameworks */ = {
			isa = PBXFrameworksBuildPhase;
			buildActionMask = 2147483647;
			files = (
			);
			runOnlyForDeploymentPostprocessing = 0;
		};
		B0E146641BF55E9500A8A024 /* Frameworks */ = {
			isa = PBXFrameworksBuildPhase;
			buildActionMask = 2147483647;
			files = (
			);
			runOnlyForDeploymentPostprocessing = 0;
		};
/* End PBXFrameworksBuildPhase section */

/* Begin PBXGroup section */
		69AA11AF1C0BC01700A1F53F /* Login */ = {
			isa = PBXGroup;
			children = (
				B05E3AA61C15FDC60000B3DF /* LaunchViewController.h */,
				B05E3AA71C15FDC60000B3DF /* LaunchViewController.m */,
				69AA11AC1C0B9DE100A1F53F /* LoginViewController.h */,
				69AA11AD1C0B9DE200A1F53F /* LoginViewController.m */,
				69AA11B01C0BC0A700A1F53F /* CustomTextField.h */,
				69AA11B11C0BC0A700A1F53F /* CustomTextField.m */,
			);
			name = Login;
			sourceTree = "<group>";
		};
		69AA11B81C0BE34A00A1F53F /* Register */ = {
			isa = PBXGroup;
			children = (
				69AA11B91C0BE37F00A1F53F /* RegisterViewController.h */,
				69AA11BA1C0BE38000A1F53F /* RegisterViewController.m */,
				69FD8B571C0C0F4900EEBE83 /* CreateProfileViewController.h */,
				69FD8B581C0C0F4900EEBE83 /* CreateProfileViewController.m */,
			);
			name = Register;
			sourceTree = "<group>";
		};
		69FD8B5A1C0D6A6300EEBE83 /* AFNetworking */ = {
			isa = PBXGroup;
			children = (
				69FD8B5B1C0D6AEE00EEBE83 /* AFHTTPRequestOperation.h */,
				69FD8B5C1C0D6AEE00EEBE83 /* AFHTTPRequestOperation.m */,
				69FD8B5D1C0D6AEE00EEBE83 /* AFHTTPRequestOperationManager.h */,
				69FD8B5E1C0D6AEE00EEBE83 /* AFHTTPRequestOperationManager.m */,
				69FD8B5F1C0D6AEE00EEBE83 /* AFHTTPSessionManager.h */,
				69FD8B601C0D6AEE00EEBE83 /* AFHTTPSessionManager.m */,
				69FD8B611C0D6AEE00EEBE83 /* AFNetworking.h */,
				69FD8B621C0D6AEE00EEBE83 /* AFNetworkReachabilityManager.h */,
				69FD8B631C0D6AEE00EEBE83 /* AFNetworkReachabilityManager.m */,
				69FD8B641C0D6AEE00EEBE83 /* AFSecurityPolicy.h */,
				69FD8B651C0D6AEE00EEBE83 /* AFSecurityPolicy.m */,
				69FD8B661C0D6AEE00EEBE83 /* AFURLConnectionOperation.h */,
				69FD8B671C0D6AEE00EEBE83 /* AFURLConnectionOperation.m */,
				69FD8B681C0D6AEE00EEBE83 /* AFURLRequestSerialization.h */,
				69FD8B691C0D6AEE00EEBE83 /* AFURLRequestSerialization.m */,
				69FD8B6A1C0D6AEE00EEBE83 /* AFURLResponseSerialization.h */,
				69FD8B6B1C0D6AEE00EEBE83 /* AFURLResponseSerialization.m */,
				69FD8B6C1C0D6AEE00EEBE83 /* AFURLSessionManager.h */,
				69FD8B6D1C0D6AEE00EEBE83 /* AFURLSessionManager.m */,
			);
			name = AFNetworking;
			sourceTree = "<group>";
		};
		B0C9F9FF1C20A2D70058EB00 /* Services */ = {
			isa = PBXGroup;
			children = (
				B0C9FA001C20A2FD0058EB00 /* ServiceProfileViewController.h */,
				B0C9FA011C20A2FD0058EB00 /* ServiceProfileViewController.m */,
				B0C9FA031C20A4480058EB00 /* ServiceHeaderTableViewCell.h */,
				B0C9FA041C20A4480058EB00 /* ServiceHeaderTableViewCell.m */,
				B0133C741C2225CA004D48F5 /* ServiceTabBarTableViewCell.h */,
				B0133C751C2225CA004D48F5 /* ServiceTabBarTableViewCell.m */,
				B0C9FA0C1C20DAA20058EB00 /* ServiceSegmentedTableViewCell.h */,
				B0C9FA0D1C20DAA20058EB00 /* ServiceSegmentedTableViewCell.m */,
				B0C9FA0F1C20E9540058EB00 /* ServiceDescriptionTableViewCell.h */,
				B0C9FA101C20E9540058EB00 /* ServiceDescriptionTableViewCell.m */,
				B0C9FA121C20F2890058EB00 /* ServiceLocationTableViewCell.h */,
				B0C9FA131C20F2890058EB00 /* ServiceLocationTableViewCell.m */,
				B03613D71C22450700C95414 /* ServiceFeedTableViewCell.h */,
				B03613D81C22450700C95414 /* ServiceFeedTableViewCell.m */,
			);
			name = Services;
			sourceTree = "<group>";
		};
		B0D91B111C0F4866002567E8 /* Home */ = {
			isa = PBXGroup;
			children = (
				B0E1464C1BF55E9500A8A024 /* ViewController.h */,
				B0E1464D1BF55E9500A8A024 /* ViewController.m */,
				B0D91B121C0F4883002567E8 /* HomeTableViewCell.h */,
				B0D91B131C0F4883002567E8 /* HomeTableViewCell.m */,
			);
			name = Home;
			sourceTree = "<group>";
		};
		B0D91B151C0F4E9A002567E8 /* TabBar */ = {
			isa = PBXGroup;
			children = (
				B0D91B161C0F4EC9002567E8 /* BaseTabBarViewController.h */,
				B0D91B171C0F4EC9002567E8 /* BaseTabBarViewController.m */,
			);
			name = TabBar;
			sourceTree = "<group>";
		};
		B0D91B191C0F7DAC002567E8 /* Profile */ = {
			isa = PBXGroup;
			children = (
				69F48B6C1BF7AF76008A7CC4 /* ProfileViewController.h */,
				69F48B6D1BF7AF76008A7CC4 /* ProfileViewController.m */,
				69EDAF2C1BFA7F8D00F8FBF2 /* ProfileInfoTableViewCell.h */,
				69EDAF2D1BFA7F8E00F8FBF2 /* ProfileInfoTableViewCell.m */,
				B00664DB1BFEA55A0061B35B /* EditProfileViewController.h */,
				B00664DC1BFEA55A0061B35B /* EditProfileViewController.m */,
				69B438721C05FD61007B0DE6 /* FollowersFollowingViewController.h */,
				69B438731C05FD61007B0DE6 /* FollowersFollowingViewController.m */,
				B04954101C188AB200F32B72 /* FollowersFollowingTableViewCell.h */,
				B04954111C188AB200F32B72 /* FollowersFollowingTableViewCell.m */,
				69B438751C06024E007B0DE6 /* AddViewController.h */,
				69B438761C06024E007B0DE6 /* AddViewController.m */,
			);
			name = Profile;
			sourceTree = "<group>";
		};
		B0E1463A1BF55E9500A8A024 = {
			isa = PBXGroup;
			children = (
				B05E3AA91C1663CE0000B3DF /* Security.framework */,
				B00664E11BFEA95D0061B35B /* MapKit.framework */,
				B0E146451BF55E9500A8A024 /* Blizky */,
				B0E1465F1BF55E9500A8A024 /* BlizkyTests */,
				B0E1466A1BF55E9500A8A024 /* BlizkyUITests */,
				B0E146441BF55E9500A8A024 /* Products */,
			);
			sourceTree = "<group>";
		};
		B0E146441BF55E9500A8A024 /* Products */ = {
			isa = PBXGroup;
			children = (
				B0E146431BF55E9500A8A024 /* Blizky.app */,
				B0E1465C1BF55E9500A8A024 /* BlizkyTests.xctest */,
				B0E146671BF55E9500A8A024 /* BlizkyUITests.xctest */,
			);
			name = Products;
			sourceTree = "<group>";
		};
		B0E146451BF55E9500A8A024 /* Blizky */ = {
			isa = PBXGroup;
			children = (
				69F48B6F1BF7B5AC008A7CC4 /* profile.jpg */,
				B0C9FA0A1C20B0D50058EB00 /* Imago-178288.jpg */,
				B0E146491BF55E9500A8A024 /* AppDelegate.h */,
				B0E1464A1BF55E9500A8A024 /* AppDelegate.m */,
				B05E3AAB1C1664680000B3DF /* KeychainItemWrapper.h */,
				B05E3AAC1C16646E0000B3DF /* KeychainItemWrapper.m */,
				69AA11AF1C0BC01700A1F53F /* Login */,
				69AA11B81C0BE34A00A1F53F /* Register */,
				B0D91B151C0F4E9A002567E8 /* TabBar */,
				B0D91B111C0F4866002567E8 /* Home */,
				B0D91B191C0F7DAC002567E8 /* Profile */,
				B0C9F9FF1C20A2D70058EB00 /* Services */,
				B00664DE1BFEA7260061B35B /* MapViewController.h */,
				B00664DF1BFEA7260061B35B /* MapViewController.m */,
				69B438781C060495007B0DE6 /* ExploreViewController.h */,
				69B438791C060495007B0DE6 /* ExploreViewController.m */,
				B0E1464F1BF55E9500A8A024 /* Main.storyboard */,
				B0E146521BF55E9500A8A024 /* Assets.xcassets */,
				B0E146541BF55E9500A8A024 /* LaunchScreen.storyboard */,
				B0E146571BF55E9500A8A024 /* Info.plist */,
				69FD8B5A1C0D6A6300EEBE83 /* AFNetworking */,
				B0E146461BF55E9500A8A024 /* Supporting Files */,
			);
			path = Blizky;
			sourceTree = "<group>";
		};
		B0E146461BF55E9500A8A024 /* Supporting Files */ = {
			isa = PBXGroup;
			children = (
				69AA11B31C0BCBCA00A1F53F /* OpenSans-Regular.ttf */,
				69AA11B51C0BCD1000A1F53F /* OpenSans-Semibold.ttf */,
				69AA11B61C0BCD8500A1F53F /* OpenSans-Bold.ttf */,
				B0E146471BF55E9500A8A024 /* main.m */,
			);
			name = "Supporting Files";
			sourceTree = "<group>";
		};
		B0E1465F1BF55E9500A8A024 /* BlizkyTests */ = {
			isa = PBXGroup;
			children = (
				B0E146601BF55E9500A8A024 /* BlizkyTests.m */,
				B0E146621BF55E9500A8A024 /* Info.plist */,
			);
			path = BlizkyTests;
			sourceTree = "<group>";
		};
		B0E1466A1BF55E9500A8A024 /* BlizkyUITests */ = {
			isa = PBXGroup;
			children = (
				B0E1466B1BF55E9500A8A024 /* BlizkyUITests.m */,
				B0E1466D1BF55E9500A8A024 /* Info.plist */,
			);
			path = BlizkyUITests;
			sourceTree = "<group>";
		};
/* End PBXGroup section */

/* Begin PBXNativeTarget section */
		B0E146421BF55E9500A8A024 /* Blizky */ = {
			isa = PBXNativeTarget;
			buildConfigurationList = B0E146701BF55E9500A8A024 /* Build configuration list for PBXNativeTarget "Blizky" */;
			buildPhases = (
				B0E1463F1BF55E9500A8A024 /* Sources */,
				B0E146401BF55E9500A8A024 /* Frameworks */,
				B0E146411BF55E9500A8A024 /* Resources */,
			);
			buildRules = (
			);
			dependencies = (
			);
			name = Blizky;
			productName = Blizky;
			productReference = B0E146431BF55E9500A8A024 /* Blizky.app */;
			productType = "com.apple.product-type.application";
		};
		B0E1465B1BF55E9500A8A024 /* BlizkyTests */ = {
			isa = PBXNativeTarget;
			buildConfigurationList = B0E146731BF55E9500A8A024 /* Build configuration list for PBXNativeTarget "BlizkyTests" */;
			buildPhases = (
				B0E146581BF55E9500A8A024 /* Sources */,
				B0E146591BF55E9500A8A024 /* Frameworks */,
				B0E1465A1BF55E9500A8A024 /* Resources */,
			);
			buildRules = (
			);
			dependencies = (
				B0E1465E1BF55E9500A8A024 /* PBXTargetDependency */,
			);
			name = BlizkyTests;
			productName = BlizkyTests;
			productReference = B0E1465C1BF55E9500A8A024 /* BlizkyTests.xctest */;
			productType = "com.apple.product-type.bundle.unit-test";
		};
		B0E146661BF55E9500A8A024 /* BlizkyUITests */ = {
			isa = PBXNativeTarget;
			buildConfigurationList = B0E146761BF55E9500A8A024 /* Build configuration list for PBXNativeTarget "BlizkyUITests" */;
			buildPhases = (
				B0E146631BF55E9500A8A024 /* Sources */,
				B0E146641BF55E9500A8A024 /* Frameworks */,
				B0E146651BF55E9500A8A024 /* Resources */,
			);
			buildRules = (
			);
			dependencies = (
				B0E146691BF55E9500A8A024 /* PBXTargetDependency */,
			);
			name = BlizkyUITests;
			productName = BlizkyUITests;
			productReference = B0E146671BF55E9500A8A024 /* BlizkyUITests.xctest */;
			productType = "com.apple.product-type.bundle.ui-testing";
		};
/* End PBXNativeTarget section */

/* Begin PBXProject section */
		B0E1463B1BF55E9500A8A024 /* Project object */ = {
			isa = PBXProject;
			attributes = {
				LastUpgradeCheck = 0710;
				ORGANIZATIONNAME = Dacodes;
				TargetAttributes = {
					B0E146421BF55E9500A8A024 = {
						CreatedOnToolsVersion = 7.1.1;
					};
					B0E1465B1BF55E9500A8A024 = {
						CreatedOnToolsVersion = 7.1.1;
						TestTargetID = B0E146421BF55E9500A8A024;
					};
					B0E146661BF55E9500A8A024 = {
						CreatedOnToolsVersion = 7.1.1;
						TestTargetID = B0E146421BF55E9500A8A024;
					};
				};
			};
			buildConfigurationList = B0E1463E1BF55E9500A8A024 /* Build configuration list for PBXProject "Blizky" */;
			compatibilityVersion = "Xcode 3.2";
			developmentRegion = English;
			hasScannedForEncodings = 0;
			knownRegions = (
				en,
				Base,
			);
			mainGroup = B0E1463A1BF55E9500A8A024;
			productRefGroup = B0E146441BF55E9500A8A024 /* Products */;
			projectDirPath = "";
			projectRoot = "";
			targets = (
				B0E146421BF55E9500A8A024 /* Blizky */,
				B0E1465B1BF55E9500A8A024 /* BlizkyTests */,
				B0E146661BF55E9500A8A024 /* BlizkyUITests */,
			);
		};
/* End PBXProject section */

/* Begin PBXResourcesBuildPhase section */
		B0E146411BF55E9500A8A024 /* Resources */ = {
			isa = PBXResourcesBuildPhase;
			buildActionMask = 2147483647;
			files = (
				69AA11B41C0BCBCA00A1F53F /* OpenSans-Regular.ttf in Resources */,
				B0E146561BF55E9500A8A024 /* LaunchScreen.storyboard in Resources */,
				69AA11B71C0BCD8500A1F53F /* OpenSans-Bold.ttf in Resources */,
				B0C9FA0B1C20B0D50058EB00 /* Imago-178288.jpg in Resources */,
				B0E146531BF55E9500A8A024 /* Assets.xcassets in Resources */,
				69F48B701BF7B5AC008A7CC4 /* profile.jpg in Resources */,
				B00F90231C1B654600BE763A /* OpenSans-Semibold.ttf in Resources */,
				B0E146511BF55E9500A8A024 /* Main.storyboard in Resources */,
			);
			runOnlyForDeploymentPostprocessing = 0;
		};
		B0E1465A1BF55E9500A8A024 /* Resources */ = {
			isa = PBXResourcesBuildPhase;
			buildActionMask = 2147483647;
			files = (
			);
			runOnlyForDeploymentPostprocessing = 0;
		};
		B0E146651BF55E9500A8A024 /* Resources */ = {
			isa = PBXResourcesBuildPhase;
			buildActionMask = 2147483647;
			files = (
			);
			runOnlyForDeploymentPostprocessing = 0;
		};
/* End PBXResourcesBuildPhase section */

/* Begin PBXSourcesBuildPhase section */
		B0E1463F1BF55E9500A8A024 /* Sources */ = {
			isa = PBXSourcesBuildPhase;
			buildActionMask = 2147483647;
			files = (
				B0C9FA051C20A4480058EB00 /* ServiceHeaderTableViewCell.m in Sources */,
				69B4387A1C060495007B0DE6 /* ExploreViewController.m in Sources */,
				B0E1464E1BF55E9500A8A024 /* ViewController.m in Sources */,
				B0C9FA0E1C20DAA20058EB00 /* ServiceSegmentedTableViewCell.m in Sources */,
				B03613D91C22450700C95414 /* ServiceFeedTableViewCell.m in Sources */,
				B0D91B181C0F4EC9002567E8 /* BaseTabBarViewController.m in Sources */,
				B05E3AA81C15FDC60000B3DF /* LaunchViewController.m in Sources */,
				B0D91B141C0F4883002567E8 /* HomeTableViewCell.m in Sources */,
				B0E1464B1BF55E9500A8A024 /* AppDelegate.m in Sources */,
				69B438741C05FD61007B0DE6 /* FollowersFollowingViewController.m in Sources */,
				69FD8B751C0D6AEE00EEBE83 /* AFURLResponseSerialization.m in Sources */,
				69FD8B731C0D6AEE00EEBE83 /* AFURLConnectionOperation.m in Sources */,
				69FD8B591C0C0F4900EEBE83 /* CreateProfileViewController.m in Sources */,
				69AA11B21C0BC0A700A1F53F /* CustomTextField.m in Sources */,
				69FD8B6F1C0D6AEE00EEBE83 /* AFHTTPRequestOperationManager.m in Sources */,
				B00664DD1BFEA55A0061B35B /* EditProfileViewController.m in Sources */,
				69FD8B721C0D6AEE00EEBE83 /* AFSecurityPolicy.m in Sources */,
				69F48B6E1BF7AF76008A7CC4 /* ProfileViewController.m in Sources */,
				B0E146481BF55E9500A8A024 /* main.m in Sources */,
				69FD8B741C0D6AEE00EEBE83 /* AFURLRequestSerialization.m in Sources */,
				B0133C761C2225CA004D48F5 /* ServiceTabBarTableViewCell.m in Sources */,
				B0C9FA021C20A2FD0058EB00 /* ServiceProfileViewController.m in Sources */,
				B05E3AAD1C16646E0000B3DF /* KeychainItemWrapper.m in Sources */,
				69FD8B711C0D6AEE00EEBE83 /* AFNetworkReachabilityManager.m in Sources */,
				B04954121C188AB200F32B72 /* FollowersFollowingTableViewCell.m in Sources */,
				B0C9FA141C20F2890058EB00 /* ServiceLocationTableViewCell.m in Sources */,
				69EDAF2E1BFA7F8E00F8FBF2 /* ProfileInfoTableViewCell.m in Sources */,
				69AA11BB1C0BE38000A1F53F /* RegisterViewController.m in Sources */,
				B00664E01BFEA7260061B35B /* MapViewController.m in Sources */,
				69FD8B6E1C0D6AEE00EEBE83 /* AFHTTPRequestOperation.m in Sources */,
				69AA11AE1C0B9DE200A1F53F /* LoginViewController.m in Sources */,
				B0C9FA111C20E9540058EB00 /* ServiceDescriptionTableViewCell.m in Sources */,
				69FD8B701C0D6AEE00EEBE83 /* AFHTTPSessionManager.m in Sources */,
				69B438771C06024E007B0DE6 /* AddViewController.m in Sources */,
				69FD8B761C0D6AEE00EEBE83 /* AFURLSessionManager.m in Sources */,
			);
			runOnlyForDeploymentPostprocessing = 0;
		};
		B0E146581BF55E9500A8A024 /* Sources */ = {
			isa = PBXSourcesBuildPhase;
			buildActionMask = 2147483647;
			files = (
				B0E146611BF55E9500A8A024 /* BlizkyTests.m in Sources */,
			);
			runOnlyForDeploymentPostprocessing = 0;
		};
		B0E146631BF55E9500A8A024 /* Sources */ = {
			isa = PBXSourcesBuildPhase;
			buildActionMask = 2147483647;
			files = (
				B0E1466C1BF55E9500A8A024 /* BlizkyUITests.m in Sources */,
			);
			runOnlyForDeploymentPostprocessing = 0;
		};
/* End PBXSourcesBuildPhase section */

/* Begin PBXTargetDependency section */
		B0E1465E1BF55E9500A8A024 /* PBXTargetDependency */ = {
			isa = PBXTargetDependency;
			target = B0E146421BF55E9500A8A024 /* Blizky */;
			targetProxy = B0E1465D1BF55E9500A8A024 /* PBXContainerItemProxy */;
		};
		B0E146691BF55E9500A8A024 /* PBXTargetDependency */ = {
			isa = PBXTargetDependency;
			target = B0E146421BF55E9500A8A024 /* Blizky */;
			targetProxy = B0E146681BF55E9500A8A024 /* PBXContainerItemProxy */;
		};
/* End PBXTargetDependency section */

/* Begin PBXVariantGroup section */
		B0E1464F1BF55E9500A8A024 /* Main.storyboard */ = {
			isa = PBXVariantGroup;
			children = (
				B0E146501BF55E9500A8A024 /* Base */,
			);
			name = Main.storyboard;
			sourceTree = "<group>";
		};
		B0E146541BF55E9500A8A024 /* LaunchScreen.storyboard */ = {
			isa = PBXVariantGroup;
			children = (
				B0E146551BF55E9500A8A024 /* Base */,
			);
			name = LaunchScreen.storyboard;
			sourceTree = "<group>";
		};
/* End PBXVariantGroup section */

/* Begin XCBuildConfiguration section */
		B0E1466E1BF55E9500A8A024 /* Debug */ = {
			isa = XCBuildConfiguration;
			buildSettings = {
				ALWAYS_SEARCH_USER_PATHS = NO;
				CLANG_CXX_LANGUAGE_STANDARD = "gnu++0x";
				CLANG_CXX_LIBRARY = "libc++";
				CLANG_ENABLE_MODULES = YES;
				CLANG_ENABLE_OBJC_ARC = YES;
				CLANG_WARN_BOOL_CONVERSION = YES;
				CLANG_WARN_CONSTANT_CONVERSION = YES;
				CLANG_WARN_DIRECT_OBJC_ISA_USAGE = YES_ERROR;
				CLANG_WARN_EMPTY_BODY = YES;
				CLANG_WARN_ENUM_CONVERSION = YES;
				CLANG_WARN_INT_CONVERSION = YES;
				CLANG_WARN_OBJC_ROOT_CLASS = YES_ERROR;
				CLANG_WARN_UNREACHABLE_CODE = YES;
				CLANG_WARN__DUPLICATE_METHOD_MATCH = YES;
				"CODE_SIGN_IDENTITY[sdk=iphoneos*]" = "iPhone Developer";
				COPY_PHASE_STRIP = NO;
				DEBUG_INFORMATION_FORMAT = dwarf;
				ENABLE_STRICT_OBJC_MSGSEND = YES;
				ENABLE_TESTABILITY = YES;
				GCC_C_LANGUAGE_STANDARD = gnu99;
				GCC_DYNAMIC_NO_PIC = NO;
				GCC_NO_COMMON_BLOCKS = YES;
				GCC_OPTIMIZATION_LEVEL = 0;
				GCC_PREPROCESSOR_DEFINITIONS = (
					"DEBUG=1",
					"$(inherited)",
				);
				GCC_WARN_64_TO_32_BIT_CONVERSION = YES;
				GCC_WARN_ABOUT_RETURN_TYPE = YES_ERROR;
				GCC_WARN_UNDECLARED_SELECTOR = YES;
				GCC_WARN_UNINITIALIZED_AUTOS = YES_AGGRESSIVE;
				GCC_WARN_UNUSED_FUNCTION = YES;
				GCC_WARN_UNUSED_VARIABLE = YES;
				IPHONEOS_DEPLOYMENT_TARGET = 9.1;
				MTL_ENABLE_DEBUG_INFO = YES;
				ONLY_ACTIVE_ARCH = YES;
				SDKROOT = iphoneos;
			};
			name = Debug;
		};
		B0E1466F1BF55E9500A8A024 /* Release */ = {
			isa = XCBuildConfiguration;
			buildSettings = {
				ALWAYS_SEARCH_USER_PATHS = NO;
				CLANG_CXX_LANGUAGE_STANDARD = "gnu++0x";
				CLANG_CXX_LIBRARY = "libc++";
				CLANG_ENABLE_MODULES = YES;
				CLANG_ENABLE_OBJC_ARC = YES;
				CLANG_WARN_BOOL_CONVERSION = YES;
				CLANG_WARN_CONSTANT_CONVERSION = YES;
				CLANG_WARN_DIRECT_OBJC_ISA_USAGE = YES_ERROR;
				CLANG_WARN_EMPTY_BODY = YES;
				CLANG_WARN_ENUM_CONVERSION = YES;
				CLANG_WARN_INT_CONVERSION = YES;
				CLANG_WARN_OBJC_ROOT_CLASS = YES_ERROR;
				CLANG_WARN_UNREACHABLE_CODE = YES;
				CLANG_WARN__DUPLICATE_METHOD_MATCH = YES;
				"CODE_SIGN_IDENTITY[sdk=iphoneos*]" = "iPhone Developer";
				COPY_PHASE_STRIP = NO;
				DEBUG_INFORMATION_FORMAT = "dwarf-with-dsym";
				ENABLE_NS_ASSERTIONS = NO;
				ENABLE_STRICT_OBJC_MSGSEND = YES;
				GCC_C_LANGUAGE_STANDARD = gnu99;
				GCC_NO_COMMON_BLOCKS = YES;
				GCC_WARN_64_TO_32_BIT_CONVERSION = YES;
				GCC_WARN_ABOUT_RETURN_TYPE = YES_ERROR;
				GCC_WARN_UNDECLARED_SELECTOR = YES;
				GCC_WARN_UNINITIALIZED_AUTOS = YES_AGGRESSIVE;
				GCC_WARN_UNUSED_FUNCTION = YES;
				GCC_WARN_UNUSED_VARIABLE = YES;
				IPHONEOS_DEPLOYMENT_TARGET = 9.1;
				MTL_ENABLE_DEBUG_INFO = NO;
				SDKROOT = iphoneos;
				VALIDATE_PRODUCT = YES;
			};
			name = Release;
		};
		B0E146711BF55E9500A8A024 /* Debug */ = {
			isa = XCBuildConfiguration;
			buildSettings = {
				ASSETCATALOG_COMPILER_APPICON_NAME = AppIcon;
				CODE_SIGN_IDENTITY = "iPhone Developer";
				INFOPLIST_FILE = Blizky/Info.plist;
				LD_RUNPATH_SEARCH_PATHS = "$(inherited) @executable_path/Frameworks";
				PRODUCT_BUNDLE_IDENTIFIER = dacodes.Blizky;
				PRODUCT_NAME = "$(TARGET_NAME)";
			};
			name = Debug;
		};
		B0E146721BF55E9500A8A024 /* Release */ = {
			isa = XCBuildConfiguration;
			buildSettings = {
				ASSETCATALOG_COMPILER_APPICON_NAME = AppIcon;
				CODE_SIGN_IDENTITY = "iPhone Developer";
				INFOPLIST_FILE = Blizky/Info.plist;
				LD_RUNPATH_SEARCH_PATHS = "$(inherited) @executable_path/Frameworks";
				PRODUCT_BUNDLE_IDENTIFIER = dacodes.Blizky;
				PRODUCT_NAME = "$(TARGET_NAME)";
			};
			name = Release;
		};
		B0E146741BF55E9500A8A024 /* Debug */ = {
			isa = XCBuildConfiguration;
			buildSettings = {
				BUNDLE_LOADER = "$(TEST_HOST)";
				INFOPLIST_FILE = BlizkyTests/Info.plist;
				LD_RUNPATH_SEARCH_PATHS = "$(inherited) @executable_path/Frameworks @loader_path/Frameworks";
				PRODUCT_BUNDLE_IDENTIFIER = dacodes.BlizkyTests;
				PRODUCT_NAME = "$(TARGET_NAME)";
				TEST_HOST = "$(BUILT_PRODUCTS_DIR)/Blizky.app/Blizky";
			};
			name = Debug;
		};
		B0E146751BF55E9500A8A024 /* Release */ = {
			isa = XCBuildConfiguration;
			buildSettings = {
				BUNDLE_LOADER = "$(TEST_HOST)";
				INFOPLIST_FILE = BlizkyTests/Info.plist;
				LD_RUNPATH_SEARCH_PATHS = "$(inherited) @executable_path/Frameworks @loader_path/Frameworks";
				PRODUCT_BUNDLE_IDENTIFIER = dacodes.BlizkyTests;
				PRODUCT_NAME = "$(TARGET_NAME)";
				TEST_HOST = "$(BUILT_PRODUCTS_DIR)/Blizky.app/Blizky";
			};
			name = Release;
		};
		B0E146771BF55E9500A8A024 /* Debug */ = {
			isa = XCBuildConfiguration;
			buildSettings = {
				INFOPLIST_FILE = BlizkyUITests/Info.plist;
				LD_RUNPATH_SEARCH_PATHS = "$(inherited) @executable_path/Frameworks @loader_path/Frameworks";
				PRODUCT_BUNDLE_IDENTIFIER = dacodes.BlizkyUITests;
				PRODUCT_NAME = "$(TARGET_NAME)";
				TEST_TARGET_NAME = Blizky;
				USES_XCTRUNNER = YES;
			};
			name = Debug;
		};
		B0E146781BF55E9500A8A024 /* Release */ = {
			isa = XCBuildConfiguration;
			buildSettings = {
				INFOPLIST_FILE = BlizkyUITests/Info.plist;
				LD_RUNPATH_SEARCH_PATHS = "$(inherited) @executable_path/Frameworks @loader_path/Frameworks";
				PRODUCT_BUNDLE_IDENTIFIER = dacodes.BlizkyUITests;
				PRODUCT_NAME = "$(TARGET_NAME)";
				TEST_TARGET_NAME = Blizky;
				USES_XCTRUNNER = YES;
			};
			name = Release;
		};
/* End XCBuildConfiguration section */

/* Begin XCConfigurationList section */
		B0E1463E1BF55E9500A8A024 /* Build configuration list for PBXProject "Blizky" */ = {
			isa = XCConfigurationList;
			buildConfigurations = (
				B0E1466E1BF55E9500A8A024 /* Debug */,
				B0E1466F1BF55E9500A8A024 /* Release */,
			);
			defaultConfigurationIsVisible = 0;
			defaultConfigurationName = Release;
		};
		B0E146701BF55E9500A8A024 /* Build configuration list for PBXNativeTarget "Blizky" */ = {
			isa = XCConfigurationList;
			buildConfigurations = (
				B0E146711BF55E9500A8A024 /* Debug */,
				B0E146721BF55E9500A8A024 /* Release */,
			);
			defaultConfigurationIsVisible = 0;
			defaultConfigurationName = Release;
		};
		B0E146731BF55E9500A8A024 /* Build configuration list for PBXNativeTarget "BlizkyTests" */ = {
			isa = XCConfigurationList;
			buildConfigurations = (
				B0E146741BF55E9500A8A024 /* Debug */,
				B0E146751BF55E9500A8A024 /* Release */,
			);
			defaultConfigurationIsVisible = 0;
			defaultConfigurationName = Release;
		};
		B0E146761BF55E9500A8A024 /* Build configuration list for PBXNativeTarget "BlizkyUITests" */ = {
			isa = XCConfigurationList;
			buildConfigurations = (
				B0E146771BF55E9500A8A024 /* Debug */,
				B0E146781BF55E9500A8A024 /* Release */,
			);
			defaultConfigurationIsVisible = 0;
			defaultConfigurationName = Release;
		};
/* End XCConfigurationList section */
	};
	rootObject = B0E1463B1BF55E9500A8A024 /* Project object */;
}
